
Microsoft Visual Studio Solution File, Format Version 12.00
# Visual Studio Version 17
VisualStudioVersion = 17.10.35201.131
MinimumVisualStudioVersion = 10.0.40219.1
Project("{8BC9CEB8-8B4A-11D0-8D11-00A0C91BC942}") = "Replace Word", "Replace Word\Replace Word.vcxproj", "{BCD0A3D4-EF02-4840-A47D-5633AC3C8A61}"
EndProject
Global
	GlobalSection(SolutionConfigurationPlatforms) = preSolution
		Debug|x64 = Debug|x64
		Debug|x86 = Debug|x86
		Release|x64 = Release|x64
		Release|x86 = Release|x86
	EndGlobalSection
	GlobalSection(ProjectConfigurationPlatforms) = postSolution
		{BCD0A3D4-EF02-4840-A47D-5633AC3C8A61}.Debug|x64.ActiveCfg = Debug|x64
		{BCD0A3D4-EF02-4840-A47D-5633AC3C8A61}.Debug|x64.Build.0 = Debug|x64
		{BCD0A3D4-EF02-4840-A47D-5633AC3C8A61}.Debug|x86.ActiveCfg = Debug|Win32
		{BCD0A3D4-EF02-4840-A47D-5633AC3C8A61}.Debug|x86.Build.0 = Debug|Win32
		{BCD0A3D4-EF02-4840-A47D-5633AC3C8A61}.Release|x64.ActiveCfg = Release|x64
		{BCD0A3D4-EF02-4840-A47D-5633AC3C8A61}.Release|x64.Build.0 = Release|x64
		{BCD0A3D4-EF02-4840-A47D-5633AC3C8A61}.Release|x86.ActiveCfg = Release|Win32
		{BCD0A3D4-EF02-4840-A47D-5633AC3C8A61}.Release|x86.Build.0 = Release|Win32
	EndGlobalSection
	GlobalSection(SolutionProperties) = preSolution
		HideSolutionNode = FALSE
	EndGlobalSection
	GlobalSection(ExtensibilityGlobals) = postSolution
		SolutionGuid = {0F3645AD-557C-41E8-9ED4-B0484B46DF84}
	EndGlobalSection
EndGlobal
